{
  "originHash" : "41f59262f9c14cfa4b067d623775f654b0d8155d0d4cce275c3f754369427b89",
  "pins" : [
    {
      "identity" : "clerk-ios",
      "kind" : "remoteSourceControl",
      "location" : "https://github.com/clerk/clerk-ios",
      "state" : {
        "revision" : "1a75c1e29b22f746a3816ae95b5434c6109b91a7",
        "version" : "1.3.6"
      }
    },
    {
      "identity" : "nuke",
      "kind" : "remoteSourceControl",
      "location" : "https://github.com/kean/Nuke.git",
      "state" : {
        "revision" : "63a8fcbd6621340a2410bc3e9575ac97058615f4",
        "version" : "13.0.6"
      }
    },
    {
      "identity" : "phonenumberkit",
      "kind" : "remoteSourceControl",
      "location" : "https://github.com/PhoneNumberKit/PhoneNumberKit",
      "state" : {
        "revision" : "e18a029dbada1d8eb32e3f81a4eb72eba539ff75",
        "version" : "5.0.6"
      }
    }
  ],
  "version" : 3
}
